
Microsoft Visual Studio Solution File, Format Version 12.00
# Visual Studio Version 16
VisualStudioVersion = 16.0.31515.178
MinimumVisualStudioVersion = 10.0.40219.1
Project("{9A19103F-16F7-4668-BE54-9A1E7A4F7556}") = "Domain", "Domain\Domain.csproj", "{3C3C9F72-C34E-4F16-9E57-84C507E33DB5}"
EndProject
Project("{FAE04EC0-301F-11D3-BF4B-00C04F79EFBC}") = "DomainTests", "DomainTests\DomainTests.csproj", "{81A7A3A2-09FA-4E1D-9CD3-82D83CE3CB20}"
EndProject
Global
	GlobalSection(SolutionConfigurationPlatforms) = preSolution
		Debug|Any CPU = Debug|Any CPU
		Release|Any CPU = Release|Any CPU
	EndGlobalSection
	GlobalSection(ProjectConfigurationPlatforms) = postSolution
		{3C3C9F72-C34E-4F16-9E57-84C507E33DB5}.Debug|Any CPU.ActiveCfg = Debug|Any CPU
		{3C3C9F72-C34E-4F16-9E57-84C507E33DB5}.Debug|Any CPU.Build.0 = Debug|Any CPU
		{3C3C9F72-C34E-4F16-9E57-84C507E33DB5}.Release|Any CPU.ActiveCfg = Release|Any CPU
		{3C3C9F72-C34E-4F16-9E57-84C507E33DB5}.Release|Any CPU.Build.0 = Release|Any CPU
		{81A7A3A2-09FA-4E1D-9CD3-82D83CE3CB20}.Debug|Any CPU.ActiveCfg = Debug|Any CPU
		{81A7A3A2-09FA-4E1D-9CD3-82D83CE3CB20}.Debug|Any CPU.Build.0 = Debug|Any CPU
		{81A7A3A2-09FA-4E1D-9CD3-82D83CE3CB20}.Release|Any CPU.ActiveCfg = Release|Any CPU
		{81A7A3A2-09FA-4E1D-9CD3-82D83CE3CB20}.Release|Any CPU.Build.0 = Release|Any CPU
	EndGlobalSection
	GlobalSection(SolutionProperties) = preSolution
		HideSolutionNode = FALSE
	EndGlobalSection
	GlobalSection(ExtensibilityGlobals) = postSolution
		SolutionGuid = {4CA97078-17D2-48FA-9007-DE472EEBEF9D}
	EndGlobalSection
EndGlobal
